
Microsoft Visual Studio Solution File, Format Version 12.00
# Visual Studio 15
VisualStudioVersion = 15.0.27004.2010
MinimumVisualStudioVersion = 10.0.40219.1
Project("{FAE04EC0-301F-11D3-BF4B-00C04F79EFBC}") = "GeuraLaundry", "login\GeuraLaundry.csproj", "{38228AED-FCAC-45DA-905F-6D0479856A68}"
EndProject
Global
	GlobalSection(SolutionConfigurationPlatforms) = preSolution
		Debug|x86 = Debug|x86
		Release|x86 = Release|x86
	EndGlobalSection
	GlobalSection(ProjectConfigurationPlatforms) = postSolution
		{38228AED-FCAC-45DA-905F-6D0479856A68}.Debug|x86.ActiveCfg = Debug|x86
		{38228AED-FCAC-45DA-905F-6D0479856A68}.Debug|x86.Build.0 = Debug|x86
		{38228AED-FCAC-45DA-905F-6D0479856A68}.Release|x86.ActiveCfg = Release|x86
		{38228AED-FCAC-45DA-905F-6D0479856A68}.Release|x86.Build.0 = Release|x86
	EndGlobalSection
	GlobalSection(SolutionProperties) = preSolution
		HideSolutionNode = FALSE
	EndGlobalSection
	GlobalSection(ExtensibilityGlobals) = postSolution
		SolutionGuid = {5AFBCEF0-C180-4A85-8D1B-3E4CA7E828B7}
	EndGlobalSection
EndGlobal
